
Microsoft Visual Studio Solution File, Format Version 12.00
# Visual Studio Version 16
VisualStudioVersion = 16.0.31727.386
MinimumVisualStudioVersion = 10.0.40219.1
Project("{F184B08F-C81C-45F6-A57F-5ABD9991F28F}") = "ProcurementUndeliveredReminderTool", "ProcurementUndeliveredReminderTool\ProcurementUndeliveredReminderTool.vbproj", "{2C68EB63-39A5-474B-9C92-79A3003E7107}"
EndProject
Global
	GlobalSection(SolutionConfigurationPlatforms) = preSolution
		Debug|Any CPU = Debug|Any CPU
		Debug|x86 = Debug|x86
		Release|Any CPU = Release|Any CPU
		Release|x86 = Release|x86
	EndGlobalSection
	GlobalSection(ProjectConfigurationPlatforms) = postSolution
		{2C68EB63-39A5-474B-9C92-79A3003E7107}.Debug|Any CPU.ActiveCfg = Debug|Any CPU
		{2C68EB63-39A5-474B-9C92-79A3003E7107}.Debug|Any CPU.Build.0 = Debug|Any CPU
		{2C68EB63-39A5-474B-9C92-79A3003E7107}.Debug|x86.ActiveCfg = Debug|x86
		{2C68EB63-39A5-474B-9C92-79A3003E7107}.Debug|x86.Build.0 = Debug|x86
		{2C68EB63-39A5-474B-9C92-79A3003E7107}.Release|Any CPU.ActiveCfg = Release|Any CPU
		{2C68EB63-39A5-474B-9C92-79A3003E7107}.Release|Any CPU.Build.0 = Release|Any CPU
		{2C68EB63-39A5-474B-9C92-79A3003E7107}.Release|x86.ActiveCfg = Release|x86
		{2C68EB63-39A5-474B-9C92-79A3003E7107}.Release|x86.Build.0 = Release|x86
	EndGlobalSection
	GlobalSection(SolutionProperties) = preSolution
		HideSolutionNode = FALSE
	EndGlobalSection
	GlobalSection(ExtensibilityGlobals) = postSolution
		SolutionGuid = {37FA0D94-7041-4521-8FDC-2EBB134547AD}
	EndGlobalSection
EndGlobal
